{
  "name": "ecommerce",
  "version": "1.0.0",
<<<<<<< HEAD
  "lockfileVersion": 1,
  "requires": true,
  "dependencies": {
    "react-fast-compare": {
      "version": "3.2.0",
      "resolved": "https://registry.npmjs.org/react-fast-compare/-/react-fast-compare-3.2.0.tgz",
      "integrity": "sha512-rtGImPZ0YyLrscKI9xTpV8psd6I8VAtjKCzQDlzyDvqJA8XOW78TXYQwNRNd8g8JZnDu8q9Fu/1v4HPAVwVdHA=="
    },
    "react-snowfall": {
      "version": "1.1.0",
      "resolved": "https://registry.npmjs.org/react-snowfall/-/react-snowfall-1.1.0.tgz",
      "integrity": "sha512-AhV9EIuOIvYM2XJFpYaEZCqcS4XUmNwsOfImZhzQQ4DTcYuJwJJAehQn6eaCfu3uMPtwb6Ya6musAD7s4BkFZA==",
      "requires": {
        "react-fast-compare": "^3.2.0"
      }
    }
  }
=======
  "lockfileVersion": 1
>>>>>>> c37facf90dd6a6149d481fc98ae856c7f74d0ecd
}
